// !$*UTF8*$!
{
	archiveVersion = 1;
	classes = {
	};
	objectVersion = 46;
	objects = {

/* Begin PBXBuildFile section */
		151DACE91A6B261A0005D5F9 /* AppDelegate.swift in Sources */ = {isa = PBXBuildFile; fileRef = 151DACE81A6B261A0005D5F9 /* AppDelegate.swift */; };
		151DACEB1A6B261A0005D5F9 /* ViewController.swift in Sources */ = {isa = PBXBuildFile; fileRef = 151DACEA1A6B261A0005D5F9 /* ViewController.swift */; };
		151DACEE1A6B261A0005D5F9 /* Main.storyboard in Resources */ = {isa = PBXBuildFile; fileRef = 151DACEC1A6B261A0005D5F9 /* Main.storyboard */; };
		151DACF01A6B261A0005D5F9 /* Images.xcassets in Resources */ = {isa = PBXBuildFile; fileRef = 151DACEF1A6B261A0005D5F9 /* Images.xcassets */; };
		151DACF31A6B261A0005D5F9 /* LaunchScreen.xib in Resources */ = {isa = PBXBuildFile; fileRef = 151DACF11A6B261A0005D5F9 /* LaunchScreen.xib */; };
		151DACFF1A6B261A0005D5F9 /* Monopoly_BankerTests.swift in Sources */ = {isa = PBXBuildFile; fileRef = 151DACFE1A6B261A0005D5F9 /* Monopoly_BankerTests.swift */; };
		151DAD0C1A6B2F480005D5F9 /* PageContentViewController.swift in Sources */ = {isa = PBXBuildFile; fileRef = 151DAD0B1A6B2F480005D5F9 /* PageContentViewController.swift */; };
		151DAD0E1A6B316D0005D5F9 /* PageRootViewController.swift in Sources */ = {isa = PBXBuildFile; fileRef = 151DAD0D1A6B316D0005D5F9 /* PageRootViewController.swift */; };
		151DAD131A6B355F0005D5F9 /* page1.png in Resources */ = {isa = PBXBuildFile; fileRef = 151DAD0F1A6B355F0005D5F9 /* page1.png */; };
		151DAD141A6B355F0005D5F9 /* page2.png in Resources */ = {isa = PBXBuildFile; fileRef = 151DAD101A6B355F0005D5F9 /* page2.png */; };
		151DAD151A6B355F0005D5F9 /* page3.png in Resources */ = {isa = PBXBuildFile; fileRef = 151DAD111A6B355F0005D5F9 /* page3.png */; };
		151DAD161A6B355F0005D5F9 /* page4.png in Resources */ = {isa = PBXBuildFile; fileRef = 151DAD121A6B355F0005D5F9 /* page4.png */; };
		158120D51A6B5EDD003580B0 /* LoadGameTableViewController.swift in Sources */ = {isa = PBXBuildFile; fileRef = 158120D41A6B5EDD003580B0 /* LoadGameTableViewController.swift */; };
		158120D71A6B60B6003580B0 /* LoadGameTableViewCell.swift in Sources */ = {isa = PBXBuildFile; fileRef = 158120D61A6B60B6003580B0 /* LoadGameTableViewCell.swift */; };
		158120DB1A6B661C003580B0 /* DS-DIGIB.TTF in Resources */ = {isa = PBXBuildFile; fileRef = 158120DA1A6B661C003580B0 /* DS-DIGIB.TTF */; };
		158120DE1A6B676A003580B0 /* GameViewController.swift in Sources */ = {isa = PBXBuildFile; fileRef = 158120DD1A6B676A003580B0 /* GameViewController.swift */; };
		158120E41A6C0569003580B0 /* SavedGames.plist in Resources */ = {isa = PBXBuildFile; fileRef = 158120E31A6C0569003580B0 /* SavedGames.plist */; };
		158120E61A6C177A003580B0 /* FirstTimeLaunch.plist in Resources */ = {isa = PBXBuildFile; fileRef = 158120E51A6C177A003580B0 /* FirstTimeLaunch.plist */; };
		158120E91A6C3DBD003580B0 /* SavedGame.swift in Sources */ = {isa = PBXBuildFile; fileRef = 158120E81A6C3DBD003580B0 /* SavedGame.swift */; };
		158120EB1A6C3DF3003580B0 /* Account.swift in Sources */ = {isa = PBXBuildFile; fileRef = 158120EA1A6C3DF3003580B0 /* Account.swift */; };
		15AA8A741A6C40B300A1D009 /* DataModel.swift in Sources */ = {isa = PBXBuildFile; fileRef = 15AA8A731A6C40B300A1D009 /* DataModel.swift */; };
		15AA8A771A6C73F400A1D009 /* SoundController.swift in Sources */ = {isa = PBXBuildFile; fileRef = 15AA8A761A6C73F400A1D009 /* SoundController.swift */; };
		15AA8A7A1A6C7CAA00A1D009 /* sampleSound.wav in Resources */ = {isa = PBXBuildFile; fileRef = 15AA8A791A6C7CAA00A1D009 /* sampleSound.wav */; };
		15AA8A7E1A6C7E7300A1D009 /* ButtonTap.wav in Resources */ = {isa = PBXBuildFile; fileRef = 15AA8A7B1A6C7E7300A1D009 /* ButtonTap.wav */; };
		15AA8A7F1A6C7E7300A1D009 /* HallOfTheMountainKing.mp3 in Resources */ = {isa = PBXBuildFile; fileRef = 15AA8A7C1A6C7E7300A1D009 /* HallOfTheMountainKing.mp3 */; };
		15AA8A801A6C7E7300A1D009 /* SecondBeep.wav in Resources */ = {isa = PBXBuildFile; fileRef = 15AA8A7D1A6C7E7300A1D009 /* SecondBeep.wav */; };
/* End PBXBuildFile section */

/* Begin PBXContainerItemProxy section */
		151DACF91A6B261A0005D5F9 /* PBXContainerItemProxy */ = {
			isa = PBXContainerItemProxy;
			containerPortal = 151DACDB1A6B261A0005D5F9 /* Project object */;
			proxyType = 1;
			remoteGlobalIDString = 151DACE21A6B261A0005D5F9;
			remoteInfo = "Monopoly Banker";
		};
/* End PBXContainerItemProxy section */

/* Begin PBXFileReference section */
		151DACE31A6B261A0005D5F9 /* Monopoly Banker.app */ = {isa = PBXFileReference; explicitFileType = wrapper.application; includeInIndex = 0; path = "Monopoly Banker.app"; sourceTree = BUILT_PRODUCTS_DIR; };
		151DACE71A6B261A0005D5F9 /* Info.plist */ = {isa = PBXFileReference; lastKnownFileType = text.plist.xml; path = Info.plist; sourceTree = "<group>"; };
		151DACE81A6B261A0005D5F9 /* AppDelegate.swift */ = {isa = PBXFileReference; lastKnownFileType = sourcecode.swift; path = AppDelegate.swift; sourceTree = "<group>"; };
		151DACEA1A6B261A0005D5F9 /* ViewController.swift */ = {isa = PBXFileReference; lastKnownFileType = sourcecode.swift; path = ViewController.swift; sourceTree = "<group>"; };
		151DACED1A6B261A0005D5F9 /* Base */ = {isa = PBXFileReference; lastKnownFileType = file.storyboard; name = Base; path = Base.lproj/Main.storyboard; sourceTree = "<group>"; };
		151DACEF1A6B261A0005D5F9 /* Images.xcassets */ = {isa = PBXFileReference; lastKnownFileType = folder.assetcatalog; path = Images.xcassets; sourceTree = "<group>"; };
		151DACF21A6B261A0005D5F9 /* Base */ = {isa = PBXFileReference; lastKnownFileType = file.xib; name = Base; path = Base.lproj/LaunchScreen.xib; sourceTree = "<group>"; };
		151DACF81A6B261A0005D5F9 /* Monopoly BankerTests.xctest */ = {isa = PBXFileReference; explicitFileType = wrapper.cfbundle; includeInIndex = 0; path = "Monopoly BankerTests.xctest"; sourceTree = BUILT_PRODUCTS_DIR; };
		151DACFD1A6B261A0005D5F9 /* Info.plist */ = {isa = PBXFileReference; lastKnownFileType = text.plist.xml; path = Info.plist; sourceTree = "<group>"; };
		151DACFE1A6B261A0005D5F9 /* Monopoly_BankerTests.swift */ = {isa = PBXFileReference; lastKnownFileType = sourcecode.swift; path = Monopoly_BankerTests.swift; sourceTree = "<group>"; };
		151DAD0B1A6B2F480005D5F9 /* PageContentViewController.swift */ = {isa = PBXFileReference; fileEncoding = 4; lastKnownFileType = sourcecode.swift; name = PageContentViewController.swift; path = Tutorial/PageContentViewController.swift; sourceTree = "<group>"; };
		151DAD0D1A6B316D0005D5F9 /* PageRootViewController.swift */ = {isa = PBXFileReference; fileEncoding = 4; lastKnownFileType = sourcecode.swift; name = PageRootViewController.swift; path = Tutorial/PageRootViewController.swift; sourceTree = "<group>"; };
		151DAD0F1A6B355F0005D5F9 /* page1.png */ = {isa = PBXFileReference; lastKnownFileType = image.png; path = page1.png; sourceTree = "<group>"; };
		151DAD101A6B355F0005D5F9 /* page2.png */ = {isa = PBXFileReference; lastKnownFileType = image.png; path = page2.png; sourceTree = "<group>"; };
		151DAD111A6B355F0005D5F9 /* page3.png */ = {isa = PBXFileReference; lastKnownFileType = image.png; path = page3.png; sourceTree = "<group>"; };
		151DAD121A6B355F0005D5F9 /* page4.png */ = {isa = PBXFileReference; lastKnownFileType = image.png; path = page4.png; sourceTree = "<group>"; };
		158120D41A6B5EDD003580B0 /* LoadGameTableViewController.swift */ = {isa = PBXFileReference; fileEncoding = 4; lastKnownFileType = sourcecode.swift; name = LoadGameTableViewController.swift; path = "Load Game/LoadGameTableViewController.swift"; sourceTree = "<group>"; };
		158120D61A6B60B6003580B0 /* LoadGameTableViewCell.swift */ = {isa = PBXFileReference; fileEncoding = 4; lastKnownFileType = sourcecode.swift; name = LoadGameTableViewCell.swift; path = "Load Game/LoadGameTableViewCell.swift"; sourceTree = "<group>"; };
		158120DA1A6B661C003580B0 /* DS-DIGIB.TTF */ = {isa = PBXFileReference; lastKnownFileType = file; path = "DS-DIGIB.TTF"; sourceTree = "<group>"; };
		158120DD1A6B676A003580B0 /* GameViewController.swift */ = {isa = PBXFileReference; fileEncoding = 4; lastKnownFileType = sourcecode.swift; name = GameViewController.swift; path = Game/GameViewController.swift; sourceTree = "<group>"; };
		158120E31A6C0569003580B0 /* SavedGames.plist */ = {isa = PBXFileReference; fileEncoding = 4; lastKnownFileType = text.plist.xml; name = SavedGames.plist; path = Resources/PLISTs/SavedGames.plist; sourceTree = "<group>"; };
		158120E51A6C177A003580B0 /* FirstTimeLaunch.plist */ = {isa = PBXFileReference; fileEncoding = 4; lastKnownFileType = text.plist.xml; name = FirstTimeLaunch.plist; path = Resources/PLISTs/FirstTimeLaunch.plist; sourceTree = "<group>"; };
		158120E81A6C3DBD003580B0 /* SavedGame.swift */ = {isa = PBXFileReference; fileEncoding = 4; lastKnownFileType = sourcecode.swift; name = SavedGame.swift; path = Model/SavedGame.swift; sourceTree = "<group>"; };
		158120EA1A6C3DF3003580B0 /* Account.swift */ = {isa = PBXFileReference; fileEncoding = 4; lastKnownFileType = sourcecode.swift; name = Account.swift; path = Model/Account.swift; sourceTree = "<group>"; };
		15AA8A731A6C40B300A1D009 /* DataModel.swift */ = {isa = PBXFileReference; fileEncoding = 4; lastKnownFileType = sourcecode.swift; name = DataModel.swift; path = Model/DataModel.swift; sourceTree = "<group>"; };
		15AA8A761A6C73F400A1D009 /* SoundController.swift */ = {isa = PBXFileReference; fileEncoding = 4; lastKnownFileType = sourcecode.swift; name = SoundController.swift; path = Game/SoundController.swift; sourceTree = "<group>"; };
		15AA8A791A6C7CAA00A1D009 /* sampleSound.wav */ = {isa = PBXFileReference; lastKnownFileType = audio.wav; path = sampleSound.wav; sourceTree = "<group>"; };
		15AA8A7B1A6C7E7300A1D009 /* ButtonTap.wav */ = {isa = PBXFileReference; lastKnownFileType = audio.wav; path = ButtonTap.wav; sourceTree = "<group>"; };
		15AA8A7C1A6C7E7300A1D009 /* HallOfTheMountainKing.mp3 */ = {isa = PBXFileReference; lastKnownFileType = audio.mp3; path = HallOfTheMountainKing.mp3; sourceTree = "<group>"; };
		15AA8A7D1A6C7E7300A1D009 /* SecondBeep.wav */ = {isa = PBXFileReference; lastKnownFileType = audio.wav; path = SecondBeep.wav; sourceTree = "<group>"; };
/* End PBXFileReference section */

/* Begin PBXFrameworksBuildPhase section */
		151DACE01A6B261A0005D5F9 /* Frameworks */ = {
			isa = PBXFrameworksBuildPhase;
			buildActionMask = 2147483647;
			files = (
			);
			runOnlyForDeploymentPostprocessing = 0;
		};
		151DACF51A6B261A0005D5F9 /* Frameworks */ = {
			isa = PBXFrameworksBuildPhase;
			buildActionMask = 2147483647;
			files = (
			);
			runOnlyForDeploymentPostprocessing = 0;
		};
/* End PBXFrameworksBuildPhase section */

/* Begin PBXGroup section */
		151DACDA1A6B261A0005D5F9 = {
			isa = PBXGroup;
			children = (
				151DACE51A6B261A0005D5F9 /* Monopoly Banker */,
				151DACFB1A6B261A0005D5F9 /* Monopoly BankerTests */,
				151DACE41A6B261A0005D5F9 /* Products */,
			);
			sourceTree = "<group>";
		};
		151DACE41A6B261A0005D5F9 /* Products */ = {
			isa = PBXGroup;
			children = (
				151DACE31A6B261A0005D5F9 /* Monopoly Banker.app */,
				151DACF81A6B261A0005D5F9 /* Monopoly BankerTests.xctest */,
			);
			name = Products;
			sourceTree = "<group>";
		};
		151DACE51A6B261A0005D5F9 /* Monopoly Banker */ = {
			isa = PBXGroup;
			children = (
				158120DF1A6BFF7D003580B0 /* Model */,
				158120DC1A6B6748003580B0 /* Game */,
				158120D31A6B5EAC003580B0 /* Load Game */,
				151DAD081A6B2B9C0005D5F9 /* Tutorial */,
				151DACE81A6B261A0005D5F9 /* AppDelegate.swift */,
				151DACEA1A6B261A0005D5F9 /* ViewController.swift */,
				151DACEC1A6B261A0005D5F9 /* Main.storyboard */,
				151DACEF1A6B261A0005D5F9 /* Images.xcassets */,
				151DACF11A6B261A0005D5F9 /* LaunchScreen.xib */,
				151DAD171A6B35670005D5F9 /* Resources */,
				151DACE61A6B261A0005D5F9 /* Supporting Files */,
			);
			path = "Monopoly Banker";
			sourceTree = "<group>";
		};
		151DACE61A6B261A0005D5F9 /* Supporting Files */ = {
			isa = PBXGroup;
			children = (
				151DACE71A6B261A0005D5F9 /* Info.plist */,
			);
			name = "Supporting Files";
			sourceTree = "<group>";
		};
		151DACFB1A6B261A0005D5F9 /* Monopoly BankerTests */ = {
			isa = PBXGroup;
			children = (
				151DACFE1A6B261A0005D5F9 /* Monopoly_BankerTests.swift */,
				151DACFC1A6B261A0005D5F9 /* Supporting Files */,
			);
			path = "Monopoly BankerTests";
			sourceTree = "<group>";
		};
		151DACFC1A6B261A0005D5F9 /* Supporting Files */ = {
			isa = PBXGroup;
			children = (
				151DACFD1A6B261A0005D5F9 /* Info.plist */,
			);
			name = "Supporting Files";
			sourceTree = "<group>";
		};
		151DAD081A6B2B9C0005D5F9 /* Tutorial */ = {
			isa = PBXGroup;
			children = (
				151DAD0B1A6B2F480005D5F9 /* PageContentViewController.swift */,
				151DAD0D1A6B316D0005D5F9 /* PageRootViewController.swift */,
			);
			name = Tutorial;
			sourceTree = "<group>";
		};
		151DAD171A6B35670005D5F9 /* Resources */ = {
			isa = PBXGroup;
			children = (
				15AA8A781A6C7C9B00A1D009 /* Sounds */,
				158120E21A6C053A003580B0 /* PLISTs */,
				158120D81A6B65D4003580B0 /* Fonts */,
				151DAD191A6B357B0005D5F9 /* Images */,
			);
			name = Resources;
			sourceTree = "<group>";
		};
		151DAD191A6B357B0005D5F9 /* Images */ = {
			isa = PBXGroup;
			children = (
				151DAD0F1A6B355F0005D5F9 /* page1.png */,
				151DAD101A6B355F0005D5F9 /* page2.png */,
				151DAD111A6B355F0005D5F9 /* page3.png */,
				151DAD121A6B355F0005D5F9 /* page4.png */,
			);
			name = Images;
			sourceTree = "<group>";
		};
		158120D31A6B5EAC003580B0 /* Load Game */ = {
			isa = PBXGroup;
			children = (
				158120D41A6B5EDD003580B0 /* LoadGameTableViewController.swift */,
				158120D61A6B60B6003580B0 /* LoadGameTableViewCell.swift */,
			);
			name = "Load Game";
			sourceTree = "<group>";
		};
		158120D81A6B65D4003580B0 /* Fonts */ = {
			isa = PBXGroup;
			children = (
				158120DA1A6B661C003580B0 /* DS-DIGIB.TTF */,
			);
			name = Fonts;
			sourceTree = "<group>";
		};
		158120DC1A6B6748003580B0 /* Game */ = {
			isa = PBXGroup;
			children = (
				158120DD1A6B676A003580B0 /* GameViewController.swift */,
				15AA8A761A6C73F400A1D009 /* SoundController.swift */,
			);
			name = Game;
			sourceTree = "<group>";
		};
		158120DF1A6BFF7D003580B0 /* Model */ = {
			isa = PBXGroup;
			children = (
				158120E81A6C3DBD003580B0 /* SavedGame.swift */,
				158120EA1A6C3DF3003580B0 /* Account.swift */,
				15AA8A731A6C40B300A1D009 /* DataModel.swift */,
			);
			name = Model;
			sourceTree = "<group>";
		};
		158120E21A6C053A003580B0 /* PLISTs */ = {
			isa = PBXGroup;
			children = (
				158120E31A6C0569003580B0 /* SavedGames.plist */,
				158120E51A6C177A003580B0 /* FirstTimeLaunch.plist */,
			);
			name = PLISTs;
			sourceTree = "<group>";
		};
		15AA8A781A6C7C9B00A1D009 /* Sounds */ = {
			isa = PBXGroup;
			children = (
				15AA8A7B1A6C7E7300A1D009 /* ButtonTap.wav */,
				15AA8A7C1A6C7E7300A1D009 /* HallOfTheMountainKing.mp3 */,
				15AA8A7D1A6C7E7300A1D009 /* SecondBeep.wav */,
				15AA8A791A6C7CAA00A1D009 /* sampleSound.wav */,
			);
			name = Sounds;
			sourceTree = "<group>";
		};
/* End PBXGroup section */

/* Begin PBXNativeTarget section */
		151DACE21A6B261A0005D5F9 /* Monopoly Banker */ = {
			isa = PBXNativeTarget;
			buildConfigurationList = 151DAD021A6B261A0005D5F9 /* Build configuration list for PBXNativeTarget "Monopoly Banker" */;
			buildPhases = (
				151DACDF1A6B261A0005D5F9 /* Sources */,
				151DACE01A6B261A0005D5F9 /* Frameworks */,
				151DACE11A6B261A0005D5F9 /* Resources */,
			);
			buildRules = (
			);
			dependencies = (
			);
			name = "Monopoly Banker";
			productName = "Monopoly Banker";
			productReference = 151DACE31A6B261A0005D5F9 /* Monopoly Banker.app */;
			productType = "com.apple.product-type.application";
		};
		151DACF71A6B261A0005D5F9 /* Monopoly BankerTests */ = {
			isa = PBXNativeTarget;
			buildConfigurationList = 151DAD051A6B261A0005D5F9 /* Build configuration list for PBXNativeTarget "Monopoly BankerTests" */;
			buildPhases = (
				151DACF41A6B261A0005D5F9 /* Sources */,
				151DACF51A6B261A0005D5F9 /* Frameworks */,
				151DACF61A6B261A0005D5F9 /* Resources */,
			);
			buildRules = (
			);
			dependencies = (
				151DACFA1A6B261A0005D5F9 /* PBXTargetDependency */,
			);
			name = "Monopoly BankerTests";
			productName = "Monopoly BankerTests";
			productReference = 151DACF81A6B261A0005D5F9 /* Monopoly BankerTests.xctest */;
			productType = "com.apple.product-type.bundle.unit-test";
		};
/* End PBXNativeTarget section */

/* Begin PBXProject section */
		151DACDB1A6B261A0005D5F9 /* Project object */ = {
			isa = PBXProject;
			attributes = {
				LastUpgradeCheck = 0610;
				ORGANIZATIONNAME = "Dmytro Bogatov";
				TargetAttributes = {
					151DACE21A6B261A0005D5F9 = {
						CreatedOnToolsVersion = 6.1.1;
						DevelopmentTeam = 9VQ9QCTT5H;
					};
					151DACF71A6B261A0005D5F9 = {
						CreatedOnToolsVersion = 6.1.1;
						TestTargetID = 151DACE21A6B261A0005D5F9;
					};
				};
			};
			buildConfigurationList = 151DACDE1A6B261A0005D5F9 /* Build configuration list for PBXProject "Monopoly Banker" */;
			compatibilityVersion = "Xcode 3.2";
			developmentRegion = English;
			hasScannedForEncodings = 0;
			knownRegions = (
				en,
				Base,
			);
			mainGroup = 151DACDA1A6B261A0005D5F9;
			productRefGroup = 151DACE41A6B261A0005D5F9 /* Products */;
			projectDirPath = "";
			projectRoot = "";
			targets = (
				151DACE21A6B261A0005D5F9 /* Monopoly Banker */,
				151DACF71A6B261A0005D5F9 /* Monopoly BankerTests */,
			);
		};
/* End PBXProject section */

/* Begin PBXResourcesBuildPhase section */
		151DACE11A6B261A0005D5F9 /* Resources */ = {
			isa = PBXResourcesBuildPhase;
			buildActionMask = 2147483647;
			files = (
				151DACEE1A6B261A0005D5F9 /* Main.storyboard in Resources */,
				158120E41A6C0569003580B0 /* SavedGames.plist in Resources */,
				151DACF31A6B261A0005D5F9 /* LaunchScreen.xib in Resources */,
				151DAD151A6B355F0005D5F9 /* page3.png in Resources */,
				158120DB1A6B661C003580B0 /* DS-DIGIB.TTF in Resources */,
				151DAD161A6B355F0005D5F9 /* page4.png in Resources */,
				15AA8A7F1A6C7E7300A1D009 /* HallOfTheMountainKing.mp3 in Resources */,
				15AA8A7E1A6C7E7300A1D009 /* ButtonTap.wav in Resources */,
				151DAD131A6B355F0005D5F9 /* page1.png in Resources */,
				158120E61A6C177A003580B0 /* FirstTimeLaunch.plist in Resources */,
				15AA8A801A6C7E7300A1D009 /* SecondBeep.wav in Resources */,
				151DACF01A6B261A0005D5F9 /* Images.xcassets in Resources */,
				15AA8A7A1A6C7CAA00A1D009 /* sampleSound.wav in Resources */,
				151DAD141A6B355F0005D5F9 /* page2.png in Resources */,
			);
			runOnlyForDeploymentPostprocessing = 0;
		};
		151DACF61A6B261A0005D5F9 /* Resources */ = {
			isa = PBXResourcesBuildPhase;
			buildActionMask = 2147483647;
			files = (
			);
			runOnlyForDeploymentPostprocessing = 0;
		};
/* End PBXResourcesBuildPhase section */

/* Begin PBXSourcesBuildPhase section */
		151DACDF1A6B261A0005D5F9 /* Sources */ = {
			isa = PBXSourcesBuildPhase;
			buildActionMask = 2147483647;
			files = (
				158120DE1A6B676A003580B0 /* GameViewController.swift in Sources */,
				151DAD0C1A6B2F480005D5F9 /* PageContentViewController.swift in Sources */,
				158120D71A6B60B6003580B0 /* LoadGameTableViewCell.swift in Sources */,
				15AA8A771A6C73F400A1D009 /* SoundController.swift in Sources */,
				158120E91A6C3DBD003580B0 /* SavedGame.swift in Sources */,
				151DACEB1A6B261A0005D5F9 /* ViewController.swift in Sources */,
				15AA8A741A6C40B300A1D009 /* DataModel.swift in Sources */,
				158120EB1A6C3DF3003580B0 /* Account.swift in Sources */,
				151DACE91A6B261A0005D5F9 /* AppDelegate.swift in Sources */,
				151DAD0E1A6B316D0005D5F9 /* PageRootViewController.swift in Sources */,
				158120D51A6B5EDD003580B0 /* LoadGameTableViewController.swift in Sources */,
			);
			runOnlyForDeploymentPostprocessing = 0;
		};
		151DACF41A6B261A0005D5F9 /* Sources */ = {
			isa = PBXSourcesBuildPhase;
			buildActionMask = 2147483647;
			files = (
				151DACFF1A6B261A0005D5F9 /* Monopoly_BankerTests.swift in Sources */,
			);
			runOnlyForDeploymentPostprocessing = 0;
		};
/* End PBXSourcesBuildPhase section */

/* Begin PBXTargetDependency section */
		151DACFA1A6B261A0005D5F9 /* PBXTargetDependency */ = {
			isa = PBXTargetDependency;
			target = 151DACE21A6B261A0005D5F9 /* Monopoly Banker */;
			targetProxy = 151DACF91A6B261A0005D5F9 /* PBXContainerItemProxy */;
		};
/* End PBXTargetDependency section */

/* Begin PBXVariantGroup section */
		151DACEC1A6B261A0005D5F9 /* Main.storyboard */ = {
			isa = PBXVariantGroup;
			children = (
				151DACED1A6B261A0005D5F9 /* Base */,
			);
			name = Main.storyboard;
			sourceTree = "<group>";
		};
		151DACF11A6B261A0005D5F9 /* LaunchScreen.xib */ = {
			isa = PBXVariantGroup;
			children = (
				151DACF21A6B261A0005D5F9 /* Base */,
			);
			name = LaunchScreen.xib;
			sourceTree = "<group>";
		};
/* End PBXVariantGroup section */

/* Begin XCBuildConfiguration section */
		151DAD001A6B261A0005D5F9 /* Debug */ = {
			isa = XCBuildConfiguration;
			buildSettings = {
				ALWAYS_SEARCH_USER_PATHS = NO;
				CLANG_CXX_LANGUAGE_STANDARD = "gnu++0x";
				CLANG_CXX_LIBRARY = "libc++";
				CLANG_ENABLE_MODULES = YES;
				CLANG_ENABLE_OBJC_ARC = YES;
				CLANG_WARN_BOOL_CONVERSION = YES;
				CLANG_WARN_CONSTANT_CONVERSION = YES;
				CLANG_WARN_DIRECT_OBJC_ISA_USAGE = YES_ERROR;
				CLANG_WARN_EMPTY_BODY = YES;
				CLANG_WARN_ENUM_CONVERSION = YES;
				CLANG_WARN_INT_CONVERSION = YES;
				CLANG_WARN_OBJC_ROOT_CLASS = YES_ERROR;
				CLANG_WARN_UNREACHABLE_CODE = YES;
				CLANG_WARN__DUPLICATE_METHOD_MATCH = YES;
				"CODE_SIGN_IDENTITY[sdk=iphoneos*]" = "iPhone Developer";
				COPY_PHASE_STRIP = NO;
				ENABLE_STRICT_OBJC_MSGSEND = YES;
				GCC_C_LANGUAGE_STANDARD = gnu99;
				GCC_DYNAMIC_NO_PIC = NO;
				GCC_OPTIMIZATION_LEVEL = 0;
				GCC_PREPROCESSOR_DEFINITIONS = (
					"DEBUG=1",
					"$(inherited)",
				);
				GCC_SYMBOLS_PRIVATE_EXTERN = NO;
				GCC_WARN_64_TO_32_BIT_CONVERSION = YES;
				GCC_WARN_ABOUT_RETURN_TYPE = YES_ERROR;
				GCC_WARN_UNDECLARED_SELECTOR = YES;
				GCC_WARN_UNINITIALIZED_AUTOS = YES_AGGRESSIVE;
				GCC_WARN_UNUSED_FUNCTION = YES;
				GCC_WARN_UNUSED_VARIABLE = YES;
				IPHONEOS_DEPLOYMENT_TARGET = 8.1;
				MTL_ENABLE_DEBUG_INFO = YES;
				ONLY_ACTIVE_ARCH = YES;
				SDKROOT = iphoneos;
				SWIFT_OPTIMIZATION_LEVEL = "-Onone";
				TARGETED_DEVICE_FAMILY = "1,2";
			};
			name = Debug;
		};
		151DAD011A6B261A0005D5F9 /* Release */ = {
			isa = XCBuildConfiguration;
			buildSettings = {
				ALWAYS_SEARCH_USER_PATHS = NO;
				CLANG_CXX_LANGUAGE_STANDARD = "gnu++0x";
				CLANG_CXX_LIBRARY = "libc++";
				CLANG_ENABLE_MODULES = YES;
				CLANG_ENABLE_OBJC_ARC = YES;
				CLANG_WARN_BOOL_CONVERSION = YES;
				CLANG_WARN_CONSTANT_CONVERSION = YES;
				CLANG_WARN_DIRECT_OBJC_ISA_USAGE = YES_ERROR;
				CLANG_WARN_EMPTY_BODY = YES;
				CLANG_WARN_ENUM_CONVERSION = YES;
				CLANG_WARN_INT_CONVERSION = YES;
				CLANG_WARN_OBJC_ROOT_CLASS = YES_ERROR;
				CLANG_WARN_UNREACHABLE_CODE = YES;
				CLANG_WARN__DUPLICATE_METHOD_MATCH = YES;
				"CODE_SIGN_IDENTITY[sdk=iphoneos*]" = "iPhone Developer";
				COPY_PHASE_STRIP = YES;
				ENABLE_NS_ASSERTIONS = NO;
				ENABLE_STRICT_OBJC_MSGSEND = YES;
				GCC_C_LANGUAGE_STANDARD = gnu99;
				GCC_WARN_64_TO_32_BIT_CONVERSION = YES;
				GCC_WARN_ABOUT_RETURN_TYPE = YES_ERROR;
				GCC_WARN_UNDECLARED_SELECTOR = YES;
				GCC_WARN_UNINITIALIZED_AUTOS = YES_AGGRESSIVE;
				GCC_WARN_UNUSED_FUNCTION = YES;
				GCC_WARN_UNUSED_VARIABLE = YES;
				IPHONEOS_DEPLOYMENT_TARGET = 8.1;
				MTL_ENABLE_DEBUG_INFO = NO;
				SDKROOT = iphoneos;
				TARGETED_DEVICE_FAMILY = "1,2";
				VALIDATE_PRODUCT = YES;
			};
			name = Release;
		};
		151DAD031A6B261A0005D5F9 /* Debug */ = {
			isa = XCBuildConfiguration;
			buildSettings = {
				ASSETCATALOG_COMPILER_APPICON_NAME = AppIcon;
				CODE_SIGN_IDENTITY = "iPhone Developer";
				"CODE_SIGN_IDENTITY[sdk=iphoneos*]" = "iPhone Developer";
				INFOPLIST_FILE = "Monopoly Banker/Info.plist";
				LD_RUNPATH_SEARCH_PATHS = "$(inherited) @executable_path/Frameworks";
				PRODUCT_NAME = "$(TARGET_NAME)";
				PROVISIONING_PROFILE = "";
			};
			name = Debug;
		};
		151DAD041A6B261A0005D5F9 /* Release */ = {
			isa = XCBuildConfiguration;
			buildSettings = {
				ASSETCATALOG_COMPILER_APPICON_NAME = AppIcon;
				CODE_SIGN_IDENTITY = "iPhone Developer";
				"CODE_SIGN_IDENTITY[sdk=iphoneos*]" = "iPhone Developer";
				INFOPLIST_FILE = "Monopoly Banker/Info.plist";
				LD_RUNPATH_SEARCH_PATHS = "$(inherited) @executable_path/Frameworks";
				PRODUCT_NAME = "$(TARGET_NAME)";
				PROVISIONING_PROFILE = "";
			};
			name = Release;
		};
		151DAD061A6B261A0005D5F9 /* Debug */ = {
			isa = XCBuildConfiguration;
			buildSettings = {
				BUNDLE_LOADER = "$(TEST_HOST)";
				FRAMEWORK_SEARCH_PATHS = (
					"$(SDKROOT)/Developer/Library/Frameworks",
					"$(inherited)",
				);
				GCC_PREPROCESSOR_DEFINITIONS = (
					"DEBUG=1",
					"$(inherited)",
				);
				INFOPLIST_FILE = "Monopoly BankerTests/Info.plist";
				LD_RUNPATH_SEARCH_PATHS = "$(inherited) @executable_path/Frameworks @loader_path/Frameworks";
				PRODUCT_NAME = "$(TARGET_NAME)";
				TEST_HOST = "$(BUILT_PRODUCTS_DIR)/Monopoly Banker.app/Monopoly Banker";
			};
			name = Debug;
		};
		151DAD071A6B261A0005D5F9 /* Release */ = {
			isa = XCBuildConfiguration;
			buildSettings = {
				BUNDLE_LOADER = "$(TEST_HOST)";
				FRAMEWORK_SEARCH_PATHS = (
					"$(SDKROOT)/Developer/Library/Frameworks",
					"$(inherited)",
				);
				INFOPLIST_FILE = "Monopoly BankerTests/Info.plist";
				LD_RUNPATH_SEARCH_PATHS = "$(inherited) @executable_path/Frameworks @loader_path/Frameworks";
				PRODUCT_NAME = "$(TARGET_NAME)";
				TEST_HOST = "$(BUILT_PRODUCTS_DIR)/Monopoly Banker.app/Monopoly Banker";
			};
			name = Release;
		};
/* End XCBuildConfiguration section */

/* Begin XCConfigurationList section */
		151DACDE1A6B261A0005D5F9 /* Build configuration list for PBXProject "Monopoly Banker" */ = {
			isa = XCConfigurationList;
			buildConfigurations = (
				151DAD001A6B261A0005D5F9 /* Debug */,
				151DAD011A6B261A0005D5F9 /* Release */,
			);
			defaultConfigurationIsVisible = 0;
			defaultConfigurationName = Release;
		};
		151DAD021A6B261A0005D5F9 /* Build configuration list for PBXNativeTarget "Monopoly Banker" */ = {
			isa = XCConfigurationList;
			buildConfigurations = (
				151DAD031A6B261A0005D5F9 /* Debug */,
				151DAD041A6B261A0005D5F9 /* Release */,
			);
			defaultConfigurationIsVisible = 0;
			defaultConfigurationName = Release;
		};
		151DAD051A6B261A0005D5F9 /* Build configuration list for PBXNativeTarget "Monopoly BankerTests" */ = {
			isa = XCConfigurationList;
			buildConfigurations = (
				151DAD061A6B261A0005D5F9 /* Debug */,
				151DAD071A6B261A0005D5F9 /* Release */,
			);
			defaultConfigurationIsVisible = 0;
			defaultConfigurationName = Release;
		};
/* End XCConfigurationList section */
	};
	rootObject = 151DACDB1A6B261A0005D5F9 /* Project object */;
}
